// !$*UTF8*$!
{
	archiveVersion = 1;
	classes = {
	};
	objectVersion = 50;
	objects = {

/* Begin PBXBuildFile section */
		4D935B0626DE46780017316F /* AppDelegate.swift in Sources */ = {isa = PBXBuildFile; fileRef = 4D935B0526DE46780017316F /* AppDelegate.swift */; };
		4D935B0826DE46780017316F /* art.scnassets in Resources */ = {isa = PBXBuildFile; fileRef = 4D935B0726DE46780017316F /* art.scnassets */; };
		4D935B0A26DE46780017316F /* ViewController.swift in Sources */ = {isa = PBXBuildFile; fileRef = 4D935B0926DE46780017316F /* ViewController.swift */; };
		4D935B0D26DE46780017316F /* Main.storyboard in Resources */ = {isa = PBXBuildFile; fileRef = 4D935B0B26DE46780017316F /* Main.storyboard */; };
		4D935B0F26DE46790017316F /* Assets.xcassets in Resources */ = {isa = PBXBuildFile; fileRef = 4D935B0E26DE46790017316F /* Assets.xcassets */; };
		4D935B1226DE46790017316F /* LaunchScreen.storyboard in Resources */ = {isa = PBXBuildFile; fileRef = 4D935B1026DE46790017316F /* LaunchScreen.storyboard */; };
		4D935B2126DE4D4C0017316F /* Jellyfish.png in Resources */ = {isa = PBXBuildFile; fileRef = 4D935B2026DE4D4C0017316F /* Jellyfish.png */; };
		91AA56139FCCBA8325AAC3CC /* Pods_WhackAJellyfish.framework in Frameworks */ = {isa = PBXBuildFile; fileRef = 2D1BDDB0EAF1B81838425126 /* Pods_WhackAJellyfish.framework */; };
/* End PBXBuildFile section */

/* Begin PBXFileReference section */
		1CFD3928D4154CBC84C250D7 /* Pods-WhackAJellyfish.debug.xcconfig */ = {isa = PBXFileReference; includeInIndex = 1; lastKnownFileType = text.xcconfig; name = "Pods-WhackAJellyfish.debug.xcconfig"; path = "Target Support Files/Pods-WhackAJellyfish/Pods-WhackAJellyfish.debug.xcconfig"; sourceTree = "<group>"; };
		2D1BDDB0EAF1B81838425126 /* Pods_WhackAJellyfish.framework */ = {isa = PBXFileReference; explicitFileType = wrapper.framework; includeInIndex = 0; path = Pods_WhackAJellyfish.framework; sourceTree = BUILT_PRODUCTS_DIR; };
		4D935B0226DE46780017316F /* WhackAJellyfish.app */ = {isa = PBXFileReference; explicitFileType = wrapper.application; includeInIndex = 0; path = WhackAJellyfish.app; sourceTree = BUILT_PRODUCTS_DIR; };
		4D935B0526DE46780017316F /* AppDelegate.swift */ = {isa = PBXFileReference; lastKnownFileType = sourcecode.swift; path = AppDelegate.swift; sourceTree = "<group>"; };
		4D935B0726DE46780017316F /* art.scnassets */ = {isa = PBXFileReference; lastKnownFileType = wrapper.scnassets; path = art.scnassets; sourceTree = "<group>"; };
		4D935B0926DE46780017316F /* ViewController.swift */ = {isa = PBXFileReference; lastKnownFileType = sourcecode.swift; path = ViewController.swift; sourceTree = "<group>"; };
		4D935B0C26DE46780017316F /* Base */ = {isa = PBXFileReference; lastKnownFileType = file.storyboard; name = Base; path = Base.lproj/Main.storyboard; sourceTree = "<group>"; };
		4D935B0E26DE46790017316F /* Assets.xcassets */ = {isa = PBXFileReference; lastKnownFileType = folder.assetcatalog; path = Assets.xcassets; sourceTree = "<group>"; };
		4D935B1126DE46790017316F /* Base */ = {isa = PBXFileReference; lastKnownFileType = file.storyboard; name = Base; path = Base.lproj/LaunchScreen.storyboard; sourceTree = "<group>"; };
		4D935B1326DE46790017316F /* Info.plist */ = {isa = PBXFileReference; lastKnownFileType = text.plist.xml; path = Info.plist; sourceTree = "<group>"; };
		4D935B2026DE4D4C0017316F /* Jellyfish.png */ = {isa = PBXFileReference; lastKnownFileType = image.png; path = Jellyfish.png; sourceTree = "<group>"; };
		C0A5B647B1095F188F435CDC /* Pods-WhackAJellyfish.release.xcconfig */ = {isa = PBXFileReference; includeInIndex = 1; lastKnownFileType = text.xcconfig; name = "Pods-WhackAJellyfish.release.xcconfig"; path = "Target Support Files/Pods-WhackAJellyfish/Pods-WhackAJellyfish.release.xcconfig"; sourceTree = "<group>"; };
/* End PBXFileReference section */

/* Begin PBXFrameworksBuildPhase section */
		4D935AFF26DE46780017316F /* Frameworks */ = {
			isa = PBXFrameworksBuildPhase;
			buildActionMask = 2147483647;
			files = (
				91AA56139FCCBA8325AAC3CC /* Pods_WhackAJellyfish.framework in Frameworks */,
			);
			runOnlyForDeploymentPostprocessing = 0;
		};
/* End PBXFrameworksBuildPhase section */

/* Begin PBXGroup section */
		4D935AF926DE46780017316F = {
			isa = PBXGroup;
			children = (
				4D935B0426DE46780017316F /* WhackAJellyfish */,
				4D935B0326DE46780017316F /* Products */,
				BD0C275763D7ECD57D1F87A3 /* Pods */,
				679BCB7D8981FC76D0CD9785 /* Frameworks */,
			);
			sourceTree = "<group>";
		};
		4D935B0326DE46780017316F /* Products */ = {
			isa = PBXGroup;
			children = (
				4D935B0226DE46780017316F /* WhackAJellyfish.app */,
			);
			name = Products;
			sourceTree = "<group>";
		};
		4D935B0426DE46780017316F /* WhackAJellyfish */ = {
			isa = PBXGroup;
			children = (
				4D935B0526DE46780017316F /* AppDelegate.swift */,
				4D935B0726DE46780017316F /* art.scnassets */,
				4D935B0926DE46780017316F /* ViewController.swift */,
				4D935B0B26DE46780017316F /* Main.storyboard */,
				4D935B0E26DE46790017316F /* Assets.xcassets */,
				4D935B1026DE46790017316F /* LaunchScreen.storyboard */,
				4D935B1326DE46790017316F /* Info.plist */,
				4D935B1F26DE4D4C0017316F /* Textures */,
			);
			path = WhackAJellyfish;
			sourceTree = "<group>";
		};
		4D935B1F26DE4D4C0017316F /* Textures */ = {
			isa = PBXGroup;
			children = (
				4D935B2026DE4D4C0017316F /* Jellyfish.png */,
			);
			path = Textures;
			sourceTree = "<group>";
		};
		679BCB7D8981FC76D0CD9785 /* Frameworks */ = {
			isa = PBXGroup;
			children = (
				2D1BDDB0EAF1B81838425126 /* Pods_WhackAJellyfish.framework */,
			);
			name = Frameworks;
			sourceTree = "<group>";
		};
		BD0C275763D7ECD57D1F87A3 /* Pods */ = {
			isa = PBXGroup;
			children = (
				1CFD3928D4154CBC84C250D7 /* Pods-WhackAJellyfish.debug.xcconfig */,
				C0A5B647B1095F188F435CDC /* Pods-WhackAJellyfish.release.xcconfig */,
			);
			name = Pods;
			path = Pods;
			sourceTree = "<group>";
		};
/* End PBXGroup section */

/* Begin PBXNativeTarget section */
		4D935B0126DE46780017316F /* WhackAJellyfish */ = {
			isa = PBXNativeTarget;
			buildConfigurationList = 4D935B1626DE46790017316F /* Build configuration list for PBXNativeTarget "WhackAJellyfish" */;
			buildPhases = (
				3E090A84A251D9C567BBD1B7 /* [CP] Check Pods Manifest.lock */,
				4D935AFE26DE46780017316F /* Sources */,
				4D935AFF26DE46780017316F /* Frameworks */,
				4D935B0026DE46780017316F /* Resources */,
				2D728AE608E08C3FDAC4B65D /* [CP] Embed Pods Frameworks */,
			);
			buildRules = (
			);
			dependencies = (
			);
			name = WhackAJellyfish;
			productName = WhackAJellyfish;
			productReference = 4D935B0226DE46780017316F /* WhackAJellyfish.app */;
			productType = "com.apple.product-type.application";
		};
/* End PBXNativeTarget section */

/* Begin PBXProject section */
		4D935AFA26DE46780017316F /* Project object */ = {
			isa = PBXProject;
			attributes = {
				LastSwiftUpdateCheck = 1250;
				LastUpgradeCheck = 1250;
				TargetAttributes = {
					4D935B0126DE46780017316F = {
						CreatedOnToolsVersion = 12.5;
					};
				};
			};
			buildConfigurationList = 4D935AFD26DE46780017316F /* Build configuration list for PBXProject "WhackAJellyfish" */;
			compatibilityVersion = "Xcode 9.3";
			developmentRegion = en;
			hasScannedForEncodings = 0;
			knownRegions = (
				en,
				Base,
			);
			mainGroup = 4D935AF926DE46780017316F;
			productRefGroup = 4D935B0326DE46780017316F /* Products */;
			projectDirPath = "";
			projectRoot = "";
			targets = (
				4D935B0126DE46780017316F /* WhackAJellyfish */,
			);
		};
/* End PBXProject section */

/* Begin PBXResourcesBuildPhase section */
		4D935B0026DE46780017316F /* Resources */ = {
			isa = PBXResourcesBuildPhase;
			buildActionMask = 2147483647;
			files = (
				4D935B2126DE4D4C0017316F /* Jellyfish.png in Resources */,
				4D935B0826DE46780017316F /* art.scnassets in Resources */,
				4D935B1226DE46790017316F /* LaunchScreen.storyboard in Resources */,
				4D935B0F26DE46790017316F /* Assets.xcassets in Resources */,
				4D935B0D26DE46780017316F /* Main.storyboard in Resources */,
			);
			runOnlyForDeploymentPostprocessing = 0;
		};
/* End PBXResourcesBuildPhase section */

/* Begin PBXShellScriptBuildPhase section */
		2D728AE608E08C3FDAC4B65D /* [CP] Embed Pods Frameworks */ = {
			isa = PBXShellScriptBuildPhase;
			buildActionMask = 2147483647;
			files = (
			);
			inputFileListPaths = (
				"${PODS_ROOT}/Target Support Files/Pods-WhackAJellyfish/Pods-WhackAJellyfish-frameworks-${CONFIGURATION}-input-files.xcfilelist",
			);
			name = "[CP] Embed Pods Frameworks";
			outputFileListPaths = (
				"${PODS_ROOT}/Target Support Files/Pods-WhackAJellyfish/Pods-WhackAJellyfish-frameworks-${CONFIGURATION}-output-files.xcfilelist",
			);
			runOnlyForDeploymentPostprocessing = 0;
			shellPath = /bin/sh;
			shellScript = "\"${PODS_ROOT}/Target Support Files/Pods-WhackAJellyfish/Pods-WhackAJellyfish-frameworks.sh\"\n";
			showEnvVarsInLog = 0;
		};
		3E090A84A251D9C567BBD1B7 /* [CP] Check Pods Manifest.lock */ = {
			isa = PBXShellScriptBuildPhase;
			buildActionMask = 2147483647;
			files = (
			);
			inputFileListPaths = (
			);
			inputPaths = (
				"${PODS_PODFILE_DIR_PATH}/Podfile.lock",
				"${PODS_ROOT}/Manifest.lock",
			);
			name = "[CP] Check Pods Manifest.lock";
			outputFileListPaths = (
			);
			outputPaths = (
				"$(DERIVED_FILE_DIR)/Pods-WhackAJellyfish-checkManifestLockResult.txt",
			);
			runOnlyForDeploymentPostprocessing = 0;
			shellPath = /bin/sh;
			shellScript = "diff \"${PODS_PODFILE_DIR_PATH}/Podfile.lock\" \"${PODS_ROOT}/Manifest.lock\" > /dev/null\nif [ $? != 0 ] ; then\n    # print error to STDERR\n    echo \"error: The sandbox is not in sync with the Podfile.lock. Run 'pod install' or update your CocoaPods installation.\" >&2\n    exit 1\nfi\n# This output is used by Xcode 'outputs' to avoid re-running this script phase.\necho \"SUCCESS\" > \"${SCRIPT_OUTPUT_FILE_0}\"\n";
			showEnvVarsInLog = 0;
		};
/* End PBXShellScriptBuildPhase section */

/* Begin PBXSourcesBuildPhase section */
		4D935AFE26DE46780017316F /* Sources */ = {
			isa = PBXSourcesBuildPhase;
			buildActionMask = 2147483647;
			files = (
				4D935B0A26DE46780017316F /* ViewController.swift in Sources */,
				4D935B0626DE46780017316F /* AppDelegate.swift in Sources */,
			);
			runOnlyForDeploymentPostprocessing = 0;
		};
/* End PBXSourcesBuildPhase section */

/* Begin PBXVariantGroup section */
		4D935B0B26DE46780017316F /* Main.storyboard */ = {
			isa = PBXVariantGroup;
			children = (
				4D935B0C26DE46780017316F /* Base */,
			);
			name = Main.storyboard;
			sourceTree = "<group>";
		};
		4D935B1026DE46790017316F /* LaunchScreen.storyboard */ = {
			isa = PBXVariantGroup;
			children = (
				4D935B1126DE46790017316F /* Base */,
			);
			name = LaunchScreen.storyboard;
			sourceTree = "<group>";
		};
/* End PBXVariantGroup section */

/* Begin XCBuildConfiguration section */
		4D935B1426DE46790017316F /* Debug */ = {
			isa = XCBuildConfiguration;
			buildSettings = {
				ALWAYS_SEARCH_USER_PATHS = NO;
				CLANG_ANALYZER_NONNULL = YES;
				CLANG_ANALYZER_NUMBER_OBJECT_CONVERSION = YES_AGGRESSIVE;
				CLANG_CXX_LANGUAGE_STANDARD = "gnu++14";
				CLANG_CXX_LIBRARY = "libc++";
				CLANG_ENABLE_MODULES = YES;
				CLANG_ENABLE_OBJC_ARC = YES;
				CLANG_ENABLE_OBJC_WEAK = YES;
				CLANG_WARN_BLOCK_CAPTURE_AUTORELEASING = YES;
				CLANG_WARN_BOOL_CONVERSION = YES;
				CLANG_WARN_COMMA = YES;
				CLANG_WARN_CONSTANT_CONVERSION = YES;
				CLANG_WARN_DEPRECATED_OBJC_IMPLEMENTATIONS = YES;
				CLANG_WARN_DIRECT_OBJC_ISA_USAGE = YES_ERROR;
				CLANG_WARN_DOCUMENTATION_COMMENTS = YES;
				CLANG_WARN_EMPTY_BODY = YES;
				CLANG_WARN_ENUM_CONVERSION = YES;
				CLANG_WARN_INFINITE_RECURSION = YES;
				CLANG_WARN_INT_CONVERSION = YES;
				CLANG_WARN_NON_LITERAL_NULL_CONVERSION = YES;
				CLANG_WARN_OBJC_IMPLICIT_RETAIN_SELF = YES;
				CLANG_WARN_OBJC_LITERAL_CONVERSION = YES;
				CLANG_WARN_OBJC_ROOT_CLASS = YES_ERROR;
				CLANG_WARN_QUOTED_INCLUDE_IN_FRAMEWORK_HEADER = YES;
				CLANG_WARN_RANGE_LOOP_ANALYSIS = YES;
				CLANG_WARN_STRICT_PROTOTYPES = YES;
				CLANG_WARN_SUSPICIOUS_MOVE = YES;
				CLANG_WARN_UNGUARDED_AVAILABILITY = YES_AGGRESSIVE;
				CLANG_WARN_UNREACHABLE_CODE = YES;
				CLANG_WARN__DUPLICATE_METHOD_MATCH = YES;
				COPY_PHASE_STRIP = NO;
				DEBUG_INFORMATION_FORMAT = dwarf;
				ENABLE_STRICT_OBJC_MSGSEND = YES;
				ENABLE_TESTABILITY = YES;
				GCC_C_LANGUAGE_STANDARD = gnu11;
				GCC_DYNAMIC_NO_PIC = NO;
				GCC_NO_COMMON_BLOCKS = YES;
				GCC_OPTIMIZATION_LEVEL = 0;
				GCC_PREPROCESSOR_DEFINITIONS = (
					"DEBUG=1",
					"$(inherited)",
				);
				GCC_WARN_64_TO_32_BIT_CONVERSION = YES;
				GCC_WARN_ABOUT_RETURN_TYPE = YES_ERROR;
				GCC_WARN_UNDECLARED_SELECTOR = YES;
				GCC_WARN_UNINITIALIZED_AUTOS = YES_AGGRESSIVE;
				GCC_WARN_UNUSED_FUNCTION = YES;
				GCC_WARN_UNUSED_VARIABLE = YES;
				IPHONEOS_DEPLOYMENT_TARGET = 14.5;
				MTL_ENABLE_DEBUG_INFO = INCLUDE_SOURCE;
				MTL_FAST_MATH = YES;
				ONLY_ACTIVE_ARCH = YES;
				SDKROOT = iphoneos;
				SWIFT_ACTIVE_COMPILATION_CONDITIONS = DEBUG;
				SWIFT_OPTIMIZATION_LEVEL = "-Onone";
			};
			name = Debug;
		};
		4D935B1526DE46790017316F /* Release */ = {
			isa = XCBuildConfiguration;
			buildSettings = {
				ALWAYS_SEARCH_USER_PATHS = NO;
				CLANG_ANALYZER_NONNULL = YES;
				CLANG_ANALYZER_NUMBER_OBJECT_CONVERSION = YES_AGGRESSIVE;
				CLANG_CXX_LANGUAGE_STANDARD = "gnu++14";
				CLANG_CXX_LIBRARY = "libc++";
				CLANG_ENABLE_MODULES = YES;
				CLANG_ENABLE_OBJC_ARC = YES;
				CLANG_ENABLE_OBJC_WEAK = YES;
				CLANG_WARN_BLOCK_CAPTURE_AUTORELEASING = YES;
				CLANG_WARN_BOOL_CONVERSION = YES;
				CLANG_WARN_COMMA = YES;
				CLANG_WARN_CONSTANT_CONVERSION = YES;
				CLANG_WARN_DEPRECATED_OBJC_IMPLEMENTATIONS = YES;
				CLANG_WARN_DIRECT_OBJC_ISA_USAGE = YES_ERROR;
				CLANG_WARN_DOCUMENTATION_COMMENTS = YES;
				CLANG_WARN_EMPTY_BODY = YES;
				CLANG_WARN_ENUM_CONVERSION = YES;
				CLANG_WARN_INFINITE_RECURSION = YES;
				CLANG_WARN_INT_CONVERSION = YES;
				CLANG_WARN_NON_LITERAL_NULL_CONVERSION = YES;
				CLANG_WARN_OBJC_IMPLICIT_RETAIN_SELF = YES;
				CLANG_WARN_OBJC_LITERAL_CONVERSION = YES;
				CLANG_WARN_OBJC_ROOT_CLASS = YES_ERROR;
				CLANG_WARN_QUOTED_INCLUDE_IN_FRAMEWORK_HEADER = YES;
				CLANG_WARN_RANGE_LOOP_ANALYSIS = YES;
				CLANG_WARN_STRICT_PROTOTYPES = YES;
				CLANG_WARN_SUSPICIOUS_MOVE = YES;
				CLANG_WARN_UNGUARDED_AVAILABILITY = YES_AGGRESSIVE;
				CLANG_WARN_UNREACHABLE_CODE = YES;
				CLANG_WARN__DUPLICATE_METHOD_MATCH = YES;
				COPY_PHASE_STRIP = NO;
				DEBUG_INFORMATION_FORMAT = "dwarf-with-dsym";
				ENABLE_NS_ASSERTIONS = NO;
				ENABLE_STRICT_OBJC_MSGSEND = YES;
				GCC_C_LANGUAGE_STANDARD = gnu11;
				GCC_NO_COMMON_BLOCKS = YES;
				GCC_WARN_64_TO_32_BIT_CONVERSION = YES;
				GCC_WARN_ABOUT_RETURN_TYPE = YES_ERROR;
				GCC_WARN_UNDECLARED_SELECTOR = YES;
				GCC_WARN_UNINITIALIZED_AUTOS = YES_AGGRESSIVE;
				GCC_WARN_UNUSED_FUNCTION = YES;
				GCC_WARN_UNUSED_VARIABLE = YES;
				IPHONEOS_DEPLOYMENT_TARGET = 14.5;
				MTL_ENABLE_DEBUG_INFO = NO;
				MTL_FAST_MATH = YES;
				SDKROOT = iphoneos;
				SWIFT_COMPILATION_MODE = wholemodule;
				SWIFT_OPTIMIZATION_LEVEL = "-O";
				VALIDATE_PRODUCT = YES;
			};
			name = Release;
		};
		4D935B1726DE46790017316F /* Debug */ = {
			isa = XCBuildConfiguration;
			baseConfigurationReference = 1CFD3928D4154CBC84C250D7 /* Pods-WhackAJellyfish.debug.xcconfig */;
			buildSettings = {
				ASSETCATALOG_COMPILER_APPICON_NAME = AppIcon;
				ASSETCATALOG_COMPILER_GLOBAL_ACCENT_COLOR_NAME = AccentColor;
				CODE_SIGN_STYLE = Automatic;
				DEVELOPMENT_TEAM = LAA69LK8PF;
				INFOPLIST_FILE = WhackAJellyfish/Info.plist;
				IPHONEOS_DEPLOYMENT_TARGET = 13.0;
				LD_RUNPATH_SEARCH_PATHS = (
					"$(inherited)",
					"@executable_path/Frameworks",
				);
				PRODUCT_BUNDLE_IDENTIFIER = MarkoJovanov.WhackAJellyfish;
				PRODUCT_NAME = "$(TARGET_NAME)";
				SWIFT_VERSION = 5.0;
				TARGETED_DEVICE_FAMILY = "1,2";
			};
			name = Debug;
		};
		4D935B1826DE46790017316F /* Release */ = {
			isa = XCBuildConfiguration;
			baseConfigurationReference = C0A5B647B1095F188F435CDC /* Pods-WhackAJellyfish.release.xcconfig */;
			buildSettings = {
				ASSETCATALOG_COMPILER_APPICON_NAME = AppIcon;
				ASSETCATALOG_COMPILER_GLOBAL_ACCENT_COLOR_NAME = AccentColor;
				CODE_SIGN_STYLE = Automatic;
				DEVELOPMENT_TEAM = LAA69LK8PF;
				INFOPLIST_FILE = WhackAJellyfish/Info.plist;
				IPHONEOS_DEPLOYMENT_TARGET = 13.0;
				LD_RUNPATH_SEARCH_PATHS = (
					"$(inherited)",
					"@executable_path/Frameworks",
				);
				PRODUCT_BUNDLE_IDENTIFIER = MarkoJovanov.WhackAJellyfish;
				PRODUCT_NAME = "$(TARGET_NAME)";
				SWIFT_VERSION = 5.0;
				TARGETED_DEVICE_FAMILY = "1,2";
			};
			name = Release;
		};
/* End XCBuildConfiguration section */

/* Begin XCConfigurationList section */
		4D935AFD26DE46780017316F /* Build configuration list for PBXProject "WhackAJellyfish" */ = {
			isa = XCConfigurationList;
			buildConfigurations = (
				4D935B1426DE46790017316F /* Debug */,
				4D935B1526DE46790017316F /* Release */,
			);
			defaultConfigurationIsVisible = 0;
			defaultConfigurationName = Release;
		};
		4D935B1626DE46790017316F /* Build configuration list for PBXNativeTarget "WhackAJellyfish" */ = {
			isa = XCConfigurationList;
			buildConfigurations = (
				4D935B1726DE46790017316F /* Debug */,
				4D935B1826DE46790017316F /* Release */,
			);
			defaultConfigurationIsVisible = 0;
			defaultConfigurationName = Release;
		};
/* End XCConfigurationList section */
	};
	rootObject = 4D935AFA26DE46780017316F /* Project object */;
}
